
Microsoft Visual Studio Solution File, Format Version 12.00
# Visual Studio Version 17
VisualStudioVersion = 17.0.31717.71
MinimumVisualStudioVersion = 10.0.40219.1
Project("{9A19103F-16F7-4668-BE54-9A1E7A4F7556}") = "CloneRepoBlazor", "CloneRepoBlazor.csproj", "{7337128F-6210-4236-AFE4-5C4C34C69039}"
EndProject
Global
	GlobalSection(SolutionConfigurationPlatforms) = preSolution
		Debug|Any CPU = Debug|Any CPU
		Release|Any CPU = Release|Any CPU
	EndGlobalSection
	GlobalSection(ProjectConfigurationPlatforms) = postSolution
		{7337128F-6210-4236-AFE4-5C4C34C69039}.Debug|Any CPU.ActiveCfg = Debug|Any CPU
		{7337128F-6210-4236-AFE4-5C4C34C69039}.Debug|Any CPU.Build.0 = Debug|Any CPU
		{7337128F-6210-4236-AFE4-5C4C34C69039}.Release|Any CPU.ActiveCfg = Release|Any CPU
		{7337128F-6210-4236-AFE4-5C4C34C69039}.Release|Any CPU.Build.0 = Release|Any CPU
	EndGlobalSection
	GlobalSection(SolutionProperties) = preSolution
		HideSolutionNode = FALSE
	EndGlobalSection
	GlobalSection(ExtensibilityGlobals) = postSolution
		SolutionGuid = {2F39EE25-F17A-4223-B0EF-18F628975061}
	EndGlobalSection
EndGlobal