
Microsoft Visual Studio Solution File, Format Version 12.00
# Visual Studio Version 17
VisualStudioVersion = 17.0.31717.71
MinimumVisualStudioVersion = 10.0.40219.1
Project("{9A19103F-16F7-4668-BE54-9A1E7A4F7556}") = "MudBlazor", "MudBlazor.csproj", "{5674F61C-5A89-49E2-A7F2-35FA82033081}"
EndProject
Global
	GlobalSection(SolutionConfigurationPlatforms) = preSolution
		Debug|Any CPU = Debug|Any CPU
		Release|Any CPU = Release|Any CPU
	EndGlobalSection
	GlobalSection(ProjectConfigurationPlatforms) = postSolution
		{5674F61C-5A89-49E2-A7F2-35FA82033081}.Debug|Any CPU.ActiveCfg = Debug|Any CPU
		{5674F61C-5A89-49E2-A7F2-35FA82033081}.Debug|Any CPU.Build.0 = Debug|Any CPU
		{5674F61C-5A89-49E2-A7F2-35FA82033081}.Release|Any CPU.ActiveCfg = Release|Any CPU
		{5674F61C-5A89-49E2-A7F2-35FA82033081}.Release|Any CPU.Build.0 = Release|Any CPU
	EndGlobalSection
	GlobalSection(SolutionProperties) = preSolution
		HideSolutionNode = FALSE
	EndGlobalSection
	GlobalSection(ExtensibilityGlobals) = postSolution
		SolutionGuid = {D9CD9B38-BC93-412F-90D4-EF8D0AACAD15}
	EndGlobalSection
EndGlobal